
Microsoft Visual Studio Solution File, Format Version 12.00
# Visual Studio 14
VisualStudioVersion = 14.0.25420.1
MinimumVisualStudioVersion = 10.0.40219.1
Project("{2150E333-8FDC-42A3-9474-1A3956D46DE8}") = "src", "src", "{0585F397-53CE-4848-9574-D2BC9A1BA14E}"
EndProject
Project("{2150E333-8FDC-42A3-9474-1A3956D46DE8}") = "Solution Items", "Solution Items", "{15B8A9FD-B069-429E-97B4-D1DB8431C50D}"
	ProjectSection(SolutionItems) = preProject
		global.json = global.json
	EndProjectSection
EndProject
Project("{8BB2217D-0F2D-49D1-97BC-3654ED321F3B}") = "LRSimulator", "src\LRSimulator\LRSimulator.xproj", "{EF79EA95-F779-4DBD-BE89-13689A1BFFAB}"
EndProject
Global
	GlobalSection(SolutionConfigurationPlatforms) = preSolution
		Debug|Any CPU = Debug|Any CPU
		Release|Any CPU = Release|Any CPU
	EndGlobalSection
	GlobalSection(ProjectConfigurationPlatforms) = postSolution
		{EF79EA95-F779-4DBD-BE89-13689A1BFFAB}.Debug|Any CPU.ActiveCfg = Debug|Any CPU
		{EF79EA95-F779-4DBD-BE89-13689A1BFFAB}.Debug|Any CPU.Build.0 = Debug|Any CPU
		{EF79EA95-F779-4DBD-BE89-13689A1BFFAB}.Release|Any CPU.ActiveCfg = Release|Any CPU
		{EF79EA95-F779-4DBD-BE89-13689A1BFFAB}.Release|Any CPU.Build.0 = Release|Any CPU
	EndGlobalSection
	GlobalSection(SolutionProperties) = preSolution
		HideSolutionNode = FALSE
	EndGlobalSection
	GlobalSection(NestedProjects) = preSolution
		{EF79EA95-F779-4DBD-BE89-13689A1BFFAB} = {0585F397-53CE-4848-9574-D2BC9A1BA14E}
	EndGlobalSection
EndGlobal
